
Microsoft Visual Studio Solution File, Format Version 12.00
# Visual Studio Version 17
VisualStudioVersion = 17.0.32112.339
MinimumVisualStudioVersion = 10.0.40219.1
Project("{FAE04EC0-301F-11D3-BF4B-00C04F79EFBC}") = "Exercicio5_ListaPresencial.ConsoleApp", "Exercicio5_ListaPresencial.ConsoleApp\Exercicio5_ListaPresencial.ConsoleApp.csproj", "{DAE95F42-24A9-456F-9B75-5E48CD44DD00}"
EndProject
Global
	GlobalSection(SolutionConfigurationPlatforms) = preSolution
		Debug|Any CPU = Debug|Any CPU
		Release|Any CPU = Release|Any CPU
	EndGlobalSection
	GlobalSection(ProjectConfigurationPlatforms) = postSolution
		{DAE95F42-24A9-456F-9B75-5E48CD44DD00}.Debug|Any CPU.ActiveCfg = Debug|Any CPU
		{DAE95F42-24A9-456F-9B75-5E48CD44DD00}.Debug|Any CPU.Build.0 = Debug|Any CPU
		{DAE95F42-24A9-456F-9B75-5E48CD44DD00}.Release|Any CPU.ActiveCfg = Release|Any CPU
		{DAE95F42-24A9-456F-9B75-5E48CD44DD00}.Release|Any CPU.Build.0 = Release|Any CPU
	EndGlobalSection
	GlobalSection(SolutionProperties) = preSolution
		HideSolutionNode = FALSE
	EndGlobalSection
	GlobalSection(ExtensibilityGlobals) = postSolution
		SolutionGuid = {36B7AB16-7DF0-40D4-A4EB-C967BEFF4DE5}
	EndGlobalSection
EndGlobal
