
Microsoft Visual Studio Solution File, Format Version 12.00
# Visual Studio Version 17
VisualStudioVersion = 17.0.32112.339
MinimumVisualStudioVersion = 10.0.40219.1
Project("{FAE04EC0-301F-11D3-BF4B-00C04F79EFBC}") = "Exercicio4_ListaPresencial.ConsoleApp", "Exercicio4_ListaPresencial.ConsoleApp\Exercicio4_ListaPresencial.ConsoleApp.csproj", "{7B8A50B8-D707-49FD-8D7F-0F4549179B69}"
EndProject
Global
	GlobalSection(SolutionConfigurationPlatforms) = preSolution
		Debug|Any CPU = Debug|Any CPU
		Release|Any CPU = Release|Any CPU
	EndGlobalSection
	GlobalSection(ProjectConfigurationPlatforms) = postSolution
		{7B8A50B8-D707-49FD-8D7F-0F4549179B69}.Debug|Any CPU.ActiveCfg = Debug|Any CPU
		{7B8A50B8-D707-49FD-8D7F-0F4549179B69}.Debug|Any CPU.Build.0 = Debug|Any CPU
		{7B8A50B8-D707-49FD-8D7F-0F4549179B69}.Release|Any CPU.ActiveCfg = Release|Any CPU
		{7B8A50B8-D707-49FD-8D7F-0F4549179B69}.Release|Any CPU.Build.0 = Release|Any CPU
	EndGlobalSection
	GlobalSection(SolutionProperties) = preSolution
		HideSolutionNode = FALSE
	EndGlobalSection
	GlobalSection(ExtensibilityGlobals) = postSolution
		SolutionGuid = {627203D7-4CA6-4650-9C2F-EC16EBA0D50C}
	EndGlobalSection
EndGlobal
